// !$*UTF8*$!
{
	archiveVersion = 1;
	classes = {
	};
	objectVersion = 60;
	objects = {

/* Begin PBXBuildFile section */
		070E5BD44FCF47A851D54653 /* OdakIzleyici.swift in Sources */ = {isa = PBXBuildFile; fileRef = B3CFE65991751DDEB78BDED8 /* OdakIzleyici.swift */; };
		215149E5DD5E179754C6E77C /* OdakIzleyici.appex in Embed Foundation Extensions */ = {isa = PBXBuildFile; fileRef = 3D46D1BCFCDE8E6565A97A94 /* OdakIzleyici.appex */; settings = {ATTRIBUTES = (RemoveHeadersOnCopy, ); }; };
		2FAD9763203C412B000D30F8 /* config.xml in Resources */ = {isa = PBXBuildFile; fileRef = 2FAD9762203C412B000D30F8 /* config.xml */; };
		44183931447D82BC0EF87EC3 /* KalkanGorunumu.swift in Sources */ = {isa = PBXBuildFile; fileRef = 0CD468D438E6B79DF424FA29 /* KalkanGorunumu.swift */; };
		4D22ABE92AF431CB00220026 /* CapApp-SPM in Frameworks */ = {isa = PBXBuildFile; productRef = 4D22ABE82AF431CB00220026 /* CapApp-SPM */; };
		50379B232058CBB4000EE86E /* capacitor.config.json in Resources */ = {isa = PBXBuildFile; fileRef = 50379B222058CBB4000EE86E /* capacitor.config.json */; };
		504EC3081FED79650016851F /* AppDelegate.swift in Sources */ = {isa = PBXBuildFile; fileRef = 504EC3071FED79650016851F /* AppDelegate.swift */; };
		504EC30D1FED79650016851F /* Main.storyboard in Resources */ = {isa = PBXBuildFile; fileRef = 504EC30B1FED79650016851F /* Main.storyboard */; };
		504EC30F1FED79650016851F /* Assets.xcassets in Resources */ = {isa = PBXBuildFile; fileRef = 504EC30E1FED79650016851F /* Assets.xcassets */; };
		504EC3121FED79650016851F /* LaunchScreen.storyboard in Resources */ = {isa = PBXBuildFile; fileRef = 504EC3101FED79650016851F /* LaunchScreen.storyboard */; };
		50B271D11FEDC1A000F3C39B /* public in Resources */ = {isa = PBXBuildFile; fileRef = 50B271D01FEDC1A000F3C39B /* public */; };
		678032D073EE534E84A04E15 /* PomodoroEtkinligi.swift in Sources */ = {isa = PBXBuildFile; fileRef = 0E4FE96816B56D27848F81D9 /* PomodoroEtkinligi.swift */; };
		6DBFA194ECA510B07601ABC4 /* CanliSayacEklentisi.swift in Sources */ = {isa = PBXBuildFile; fileRef = 6184550EF3A57C094DEBC3CB /* CanliSayacEklentisi.swift */; };
		6E695CA8ABA1E81CDD2F9108 /* Foundation.framework in Frameworks */ = {isa = PBXBuildFile; fileRef = 3FD94E3D948EC4C869736624 /* Foundation.framework */; };
		70537B37F2F1D15149F72C06 /* Foundation.framework in Frameworks */ = {isa = PBXBuildFile; fileRef = 3FD94E3D948EC4C869736624 /* Foundation.framework */; };
		7A1B00012F00000000000001 /* AnaDenetleyici.swift in Sources */ = {isa = PBXBuildFile; fileRef = 7A1B00012F00000000000002 /* AnaDenetleyici.swift */; };
		7A1B00012F00000000000003 /* PrivacyInfo.xcprivacy in Resources */ = {isa = PBXBuildFile; fileRef = 7A1B00012F00000000000004 /* PrivacyInfo.xcprivacy */; };
		9582B6832FE993A70072D4E8 /* SceneDelegate.swift in Sources */ = {isa = PBXBuildFile; fileRef = 9582B6822FE993A50072D4E8 /* SceneDelegate.swift */; };
		9D568B813034E8667134A8DB /* tavsan_yuz.png in Resources */ = {isa = PBXBuildFile; fileRef = 5C655029A247E82702EF4EB7 /* tavsan_yuz.png */; };
		A14EDFBF948F4F6B4C671302 /* KilitSayaci.swift in Sources */ = {isa = PBXBuildFile; fileRef = 124F3C0D8314F2E73447964E /* KilitSayaci.swift */; };
		A67A757C589FC0D8B598A044 /* Foundation.framework in Frameworks */ = {isa = PBXBuildFile; fileRef = 3FD94E3D948EC4C869736624 /* Foundation.framework */; };
		A9455D3707E38CD54B0F9458 /* EkranSuresiEklentisi.swift in Sources */ = {isa = PBXBuildFile; fileRef = C516C5A8C3EF008C94074DCC /* EkranSuresiEklentisi.swift */; };
		CB5FF71EAA0C3AE4E9F4632D /* KilitSayaci.appex in Embed Foundation Extensions */ = {isa = PBXBuildFile; fileRef = 3AC2D8E75F959FB92DFB0C16 /* KilitSayaci.appex */; settings = {ATTRIBUTES = (RemoveHeadersOnCopy, ); }; };
		DDC84D0B18FFFA4744959D88 /* KalkanGorunumu.appex in Embed Foundation Extensions */ = {isa = PBXBuildFile; fileRef = 97953AADAE06C8B84A6280AE /* KalkanGorunumu.appex */; settings = {ATTRIBUTES = (RemoveHeadersOnCopy, ); }; };
		F06FF156F513F0ED40E602CD /* PomodoroEtkinligi.swift in Sources */ = {isa = PBXBuildFile; fileRef = 0E4FE96816B56D27848F81D9 /* PomodoroEtkinligi.swift */; };
		FA1E4D4011C0EA79F4FB0F38 /* tavsan_yuz.png in Resources */ = {isa = PBXBuildFile; fileRef = 6F5945D08BDBCBE47A95F710 /* tavsan_yuz.png */; };
/* End PBXBuildFile section */

/* Begin PBXContainerItemProxy section */
		475FCEC86B5AC285540FA80B /* PBXContainerItemProxy */ = {
			isa = PBXContainerItemProxy;
			containerPortal = 504EC2FC1FED79650016851F /* Project object */;
			proxyType = 1;
			remoteGlobalIDString = BCFE0101433269DC90D7AA3D;
			remoteInfo = KalkanGorunumu;
		};
		C647DBDFC8976607E0DC49AA /* PBXContainerItemProxy */ = {
			isa = PBXContainerItemProxy;
			containerPortal = 504EC2FC1FED79650016851F /* Project object */;
			proxyType = 1;
			remoteGlobalIDString = 781C5322E42CC368C68CD186;
			remoteInfo = KilitSayaci;
		};
		FC5F3D5D74BF587D75EE1E94 /* PBXContainerItemProxy */ = {
			isa = PBXContainerItemProxy;
			containerPortal = 504EC2FC1FED79650016851F /* Project object */;
			proxyType = 1;
			remoteGlobalIDString = A598666DD3096829A163425B;
			remoteInfo = OdakIzleyici;
		};
/* End PBXContainerItemProxy section */

/* Begin PBXCopyFilesBuildPhase section */
		C9628A66860CD55AF8023B46 /* Embed Foundation Extensions */ = {
			isa = PBXCopyFilesBuildPhase;
			buildActionMask = 2147483647;
			dstPath = "";
			dstSubfolderSpec = 13;
			files = (
				215149E5DD5E179754C6E77C /* OdakIzleyici.appex in Embed Foundation Extensions */,
				DDC84D0B18FFFA4744959D88 /* KalkanGorunumu.appex in Embed Foundation Extensions */,
				CB5FF71EAA0C3AE4E9F4632D /* KilitSayaci.appex in Embed Foundation Extensions */,
			);
			name = "Embed Foundation Extensions";
			runOnlyForDeploymentPostprocessing = 0;
		};
/* End PBXCopyFilesBuildPhase section */

/* Begin PBXFileReference section */
		0B7F8D5C1457683F27FE2AD9 /* KalkanGorunumu.entitlements */ = {isa = PBXFileReference; includeInIndex = 1; lastKnownFileType = text.plist.entitlements; path = KalkanGorunumu.entitlements; sourceTree = "<group>"; };
		0CD468D438E6B79DF424FA29 /* KalkanGorunumu.swift */ = {isa = PBXFileReference; includeInIndex = 1; lastKnownFileType = sourcecode.swift; path = KalkanGorunumu.swift; sourceTree = "<group>"; };
		0E4FE96816B56D27848F81D9 /* PomodoroEtkinligi.swift */ = {isa = PBXFileReference; includeInIndex = 1; lastKnownFileType = sourcecode.swift; path = PomodoroEtkinligi.swift; sourceTree = "<group>"; };
		124F3C0D8314F2E73447964E /* KilitSayaci.swift */ = {isa = PBXFileReference; includeInIndex = 1; lastKnownFileType = sourcecode.swift; path = KilitSayaci.swift; sourceTree = "<group>"; };
		14631B8427E08103D134DE34 /* Info.plist */ = {isa = PBXFileReference; includeInIndex = 1; lastKnownFileType = text.plist.xml; path = Info.plist; sourceTree = "<group>"; };
		2FAD9762203C412B000D30F8 /* config.xml */ = {isa = PBXFileReference; lastKnownFileType = text.xml; path = config.xml; sourceTree = "<group>"; };
		3AC2D8E75F959FB92DFB0C16 /* KilitSayaci.appex */ = {isa = PBXFileReference; explicitFileType = "wrapper.app-extension"; includeInIndex = 0; path = KilitSayaci.appex; sourceTree = BUILT_PRODUCTS_DIR; };
		3D46D1BCFCDE8E6565A97A94 /* OdakIzleyici.appex */ = {isa = PBXFileReference; explicitFileType = "wrapper.app-extension"; includeInIndex = 0; path = OdakIzleyici.appex; sourceTree = BUILT_PRODUCTS_DIR; };
		3FD94E3D948EC4C869736624 /* Foundation.framework */ = {isa = PBXFileReference; lastKnownFileType = wrapper.framework; name = Foundation.framework; path = Platforms/iPhoneOS.platform/Developer/SDKs/iPhoneOS26.0.sdk/System/Library/Frameworks/Foundation.framework; sourceTree = DEVELOPER_DIR; };
		4023312BAEE3ECBD95DC9BB7 /* Info.plist */ = {isa = PBXFileReference; includeInIndex = 1; lastKnownFileType = text.plist.xml; path = Info.plist; sourceTree = "<group>"; };
		50379B222058CBB4000EE86E /* capacitor.config.json */ = {isa = PBXFileReference; fileEncoding = 4; lastKnownFileType = text.json; path = capacitor.config.json; sourceTree = "<group>"; };
		504EC3041FED79650016851F /* App.app */ = {isa = PBXFileReference; explicitFileType = wrapper.application; includeInIndex = 0; path = App.app; sourceTree = BUILT_PRODUCTS_DIR; };
		504EC3071FED79650016851F /* AppDelegate.swift */ = {isa = PBXFileReference; lastKnownFileType = sourcecode.swift; path = AppDelegate.swift; sourceTree = "<group>"; };
		504EC30C1FED79650016851F /* Base */ = {isa = PBXFileReference; lastKnownFileType = file.storyboard; name = Base; path = Base.lproj/Main.storyboard; sourceTree = "<group>"; };
		504EC30E1FED79650016851F /* Assets.xcassets */ = {isa = PBXFileReference; lastKnownFileType = folder.assetcatalog; path = Assets.xcassets; sourceTree = "<group>"; };
		504EC3111FED79650016851F /* Base */ = {isa = PBXFileReference; lastKnownFileType = file.storyboard; name = Base; path = Base.lproj/LaunchScreen.storyboard; sourceTree = "<group>"; };
		504EC3131FED79650016851F /* Info.plist */ = {isa = PBXFileReference; lastKnownFileType = text.plist.xml; path = Info.plist; sourceTree = "<group>"; };
		50B271D01FEDC1A000F3C39B /* public */ = {isa = PBXFileReference; lastKnownFileType = folder; path = public; sourceTree = "<group>"; };
		5C655029A247E82702EF4EB7 /* tavsan_yuz.png */ = {isa = PBXFileReference; includeInIndex = 1; lastKnownFileType = image.png; path = tavsan_yuz.png; sourceTree = "<group>"; };
		6184550EF3A57C094DEBC3CB /* CanliSayacEklentisi.swift */ = {isa = PBXFileReference; includeInIndex = 1; lastKnownFileType = sourcecode.swift; path = CanliSayacEklentisi.swift; sourceTree = "<group>"; };
		62CCF3252B9B7F81E6899C7B /* Info.plist */ = {isa = PBXFileReference; includeInIndex = 1; lastKnownFileType = text.plist.xml; path = Info.plist; sourceTree = "<group>"; };
		6F5945D08BDBCBE47A95F710 /* tavsan_yuz.png */ = {isa = PBXFileReference; includeInIndex = 1; lastKnownFileType = image.png; path = tavsan_yuz.png; sourceTree = "<group>"; };
		7A1B00012F00000000000002 /* AnaDenetleyici.swift */ = {isa = PBXFileReference; lastKnownFileType = sourcecode.swift; path = AnaDenetleyici.swift; sourceTree = "<group>"; };
		7A1B00012F00000000000004 /* PrivacyInfo.xcprivacy */ = {isa = PBXFileReference; lastKnownFileType = text.xml; path = PrivacyInfo.xcprivacy; sourceTree = "<group>"; };
		9582B6822FE993A50072D4E8 /* SceneDelegate.swift */ = {isa = PBXFileReference; lastKnownFileType = sourcecode.swift; path = SceneDelegate.swift; sourceTree = "<group>"; };
		958DCC722DB07C7200EA8C5F /* debug.xcconfig */ = {isa = PBXFileReference; lastKnownFileType = text.xcconfig; name = debug.xcconfig; path = ../debug.xcconfig; sourceTree = SOURCE_ROOT; };
		97953AADAE06C8B84A6280AE /* KalkanGorunumu.appex */ = {isa = PBXFileReference; explicitFileType = "wrapper.app-extension"; includeInIndex = 0; path = KalkanGorunumu.appex; sourceTree = BUILT_PRODUCTS_DIR; };
		B3CFE65991751DDEB78BDED8 /* OdakIzleyici.swift */ = {isa = PBXFileReference; includeInIndex = 1; lastKnownFileType = sourcecode.swift; path = OdakIzleyici.swift; sourceTree = "<group>"; };
		C4206306B67CD242674D4551 /* OdakIzleyici.entitlements */ = {isa = PBXFileReference; includeInIndex = 1; lastKnownFileType = text.plist.entitlements; path = OdakIzleyici.entitlements; sourceTree = "<group>"; };
		C516C5A8C3EF008C94074DCC /* EkranSuresiEklentisi.swift */ = {isa = PBXFileReference; includeInIndex = 1; lastKnownFileType = sourcecode.swift; path = EkranSuresiEklentisi.swift; sourceTree = "<group>"; };
		DF30B17E4C879D3BC75659D3 /* KilitSayaci.entitlements */ = {isa = PBXFileReference; includeInIndex = 1; lastKnownFileType = text.plist.entitlements; path = KilitSayaci.entitlements; sourceTree = "<group>"; };
		F7A9115C3A5CB00393F7ADB1 /* App.entitlements */ = {isa = PBXFileReference; includeInIndex = 1; lastKnownFileType = text.plist.entitlements; path = App.entitlements; sourceTree = "<group>"; };
/* End PBXFileReference section */

/* Begin PBXFrameworksBuildPhase section */
		0F85465281003A4869C56D1D /* Frameworks */ = {
			isa = PBXFrameworksBuildPhase;
			buildActionMask = 2147483647;
			files = (
				6E695CA8ABA1E81CDD2F9108 /* Foundation.framework in Frameworks */,
			);
			runOnlyForDeploymentPostprocessing = 0;
		};
		504EC3011FED79650016851F /* Frameworks */ = {
			isa = PBXFrameworksBuildPhase;
			buildActionMask = 2147483647;
			files = (
				4D22ABE92AF431CB00220026 /* CapApp-SPM in Frameworks */,
			);
			runOnlyForDeploymentPostprocessing = 0;
		};
		634B0EB7127A7F4D23776D3B /* Frameworks */ = {
			isa = PBXFrameworksBuildPhase;
			buildActionMask = 2147483647;
			files = (
				A67A757C589FC0D8B598A044 /* Foundation.framework in Frameworks */,
			);
			runOnlyForDeploymentPostprocessing = 0;
		};
		774F21D58C97925826527AD9 /* Frameworks */ = {
			isa = PBXFrameworksBuildPhase;
			buildActionMask = 2147483647;
			files = (
				70537B37F2F1D15149F72C06 /* Foundation.framework in Frameworks */,
			);
			runOnlyForDeploymentPostprocessing = 0;
		};
/* End PBXFrameworksBuildPhase section */

/* Begin PBXGroup section */
		00A498976202AA68EFB6C97F /* OdakIzleyici */ = {
			isa = PBXGroup;
			children = (
				B3CFE65991751DDEB78BDED8 /* OdakIzleyici.swift */,
				14631B8427E08103D134DE34 /* Info.plist */,
				C4206306B67CD242674D4551 /* OdakIzleyici.entitlements */,
			);
			name = OdakIzleyici;
			path = OdakIzleyici;
			sourceTree = "<group>";
		};
		4D4D94580FD18A0E2C3E0FBC /* Frameworks */ = {
			isa = PBXGroup;
			children = (
				6F02F706D80C52AA655BE59B /* iOS */,
			);
			name = Frameworks;
			sourceTree = "<group>";
		};
		504EC2FB1FED79650016851F = {
			isa = PBXGroup;
			children = (
				958DCC722DB07C7200EA8C5F /* debug.xcconfig */,
				504EC3061FED79650016851F /* App */,
				504EC3051FED79650016851F /* Products */,
				4D4D94580FD18A0E2C3E0FBC /* Frameworks */,
				00A498976202AA68EFB6C97F /* OdakIzleyici */,
				8AB6E45D8EA0C94F2CECF116 /* KalkanGorunumu */,
				94FD5CCA726F9C456F907171 /* KilitSayaci */,
			);
			sourceTree = "<group>";
		};
		504EC3051FED79650016851F /* Products */ = {
			isa = PBXGroup;
			children = (
				504EC3041FED79650016851F /* App.app */,
				3D46D1BCFCDE8E6565A97A94 /* OdakIzleyici.appex */,
				97953AADAE06C8B84A6280AE /* KalkanGorunumu.appex */,
				3AC2D8E75F959FB92DFB0C16 /* KilitSayaci.appex */,
			);
			name = Products;
			sourceTree = "<group>";
		};
		504EC3061FED79650016851F /* App */ = {
			isa = PBXGroup;
			children = (
				9582B6822FE993A50072D4E8 /* SceneDelegate.swift */,
				7A1B00012F00000000000002 /* AnaDenetleyici.swift */,
				7A1B00012F00000000000004 /* PrivacyInfo.xcprivacy */,
				50379B222058CBB4000EE86E /* capacitor.config.json */,
				504EC3071FED79650016851F /* AppDelegate.swift */,
				504EC30B1FED79650016851F /* Main.storyboard */,
				504EC30E1FED79650016851F /* Assets.xcassets */,
				504EC3101FED79650016851F /* LaunchScreen.storyboard */,
				504EC3131FED79650016851F /* Info.plist */,
				2FAD9762203C412B000D30F8 /* config.xml */,
				50B271D01FEDC1A000F3C39B /* public */,
				C516C5A8C3EF008C94074DCC /* EkranSuresiEklentisi.swift */,
				F7A9115C3A5CB00393F7ADB1 /* App.entitlements */,
				6184550EF3A57C094DEBC3CB /* CanliSayacEklentisi.swift */,
				0E4FE96816B56D27848F81D9 /* PomodoroEtkinligi.swift */,
			);
			path = App;
			sourceTree = "<group>";
		};
		6F02F706D80C52AA655BE59B /* iOS */ = {
			isa = PBXGroup;
			children = (
				3FD94E3D948EC4C869736624 /* Foundation.framework */,
			);
			name = iOS;
			sourceTree = "<group>";
		};
		8AB6E45D8EA0C94F2CECF116 /* KalkanGorunumu */ = {
			isa = PBXGroup;
			children = (
				0CD468D438E6B79DF424FA29 /* KalkanGorunumu.swift */,
				6F5945D08BDBCBE47A95F710 /* tavsan_yuz.png */,
				4023312BAEE3ECBD95DC9BB7 /* Info.plist */,
				0B7F8D5C1457683F27FE2AD9 /* KalkanGorunumu.entitlements */,
			);
			name = KalkanGorunumu;
			path = KalkanGorunumu;
			sourceTree = "<group>";
		};
		94FD5CCA726F9C456F907171 /* KilitSayaci */ = {
			isa = PBXGroup;
			children = (
				124F3C0D8314F2E73447964E /* KilitSayaci.swift */,
				5C655029A247E82702EF4EB7 /* tavsan_yuz.png */,
				62CCF3252B9B7F81E6899C7B /* Info.plist */,
				DF30B17E4C879D3BC75659D3 /* KilitSayaci.entitlements */,
			);
			name = KilitSayaci;
			path = KilitSayaci;
			sourceTree = "<group>";
		};
/* End PBXGroup section */

/* Begin PBXNativeTarget section */
		504EC3031FED79650016851F /* App */ = {
			isa = PBXNativeTarget;
			buildConfigurationList = 504EC3161FED79650016851F /* Build configuration list for PBXNativeTarget "App" */;
			buildPhases = (
				504EC3001FED79650016851F /* Sources */,
				504EC3011FED79650016851F /* Frameworks */,
				504EC3021FED79650016851F /* Resources */,
				C9628A66860CD55AF8023B46 /* Embed Foundation Extensions */,
			);
			buildRules = (
			);
			dependencies = (
				198A564C3436BF4A1BC19381 /* PBXTargetDependency */,
				82E0BBF68F9A584D5C68BF9B /* PBXTargetDependency */,
				A902153D9091F33F46213F1B /* PBXTargetDependency */,
			);
			name = App;
			packageProductDependencies = (
				4D22ABE82AF431CB00220026 /* CapApp-SPM */,
			);
			productName = App;
			productReference = 504EC3041FED79650016851F /* App.app */;
			productType = "com.apple.product-type.application";
		};
		781C5322E42CC368C68CD186 /* KilitSayaci */ = {
			isa = PBXNativeTarget;
			buildConfigurationList = D9F441AE5F63D17D5B122F44 /* Build configuration list for PBXNativeTarget "KilitSayaci" */;
			buildPhases = (
				DABEB04DC624C1E455BBA02F /* Sources */,
				774F21D58C97925826527AD9 /* Frameworks */,
				AA1F4118446D504982F727ED /* Resources */,
			);
			buildRules = (
			);
			dependencies = (
			);
			name = KilitSayaci;
			productName = KilitSayaci;
			productReference = 3AC2D8E75F959FB92DFB0C16 /* KilitSayaci.appex */;
			productType = "com.apple.product-type.app-extension";
		};
		A598666DD3096829A163425B /* OdakIzleyici */ = {
			isa = PBXNativeTarget;
			buildConfigurationList = D94F41E5EEC56C7363A17581 /* Build configuration list for PBXNativeTarget "OdakIzleyici" */;
			buildPhases = (
				0068DE7254D312D40BE96025 /* Sources */,
				634B0EB7127A7F4D23776D3B /* Frameworks */,
				5995A2852768E52AC3765F4D /* Resources */,
			);
			buildRules = (
			);
			dependencies = (
			);
			name = OdakIzleyici;
			productName = OdakIzleyici;
			productReference = 3D46D1BCFCDE8E6565A97A94 /* OdakIzleyici.appex */;
			productType = "com.apple.product-type.app-extension";
		};
		BCFE0101433269DC90D7AA3D /* KalkanGorunumu */ = {
			isa = PBXNativeTarget;
			buildConfigurationList = 5E630FB83A38594163C1EDE0 /* Build configuration list for PBXNativeTarget "KalkanGorunumu" */;
			buildPhases = (
				CF3078F7CCB3220BAC657A97 /* Sources */,
				0F85465281003A4869C56D1D /* Frameworks */,
				B91A9FD1808ADC9AAC928920 /* Resources */,
			);
			buildRules = (
			);
			dependencies = (
			);
			name = KalkanGorunumu;
			productName = KalkanGorunumu;
			productReference = 97953AADAE06C8B84A6280AE /* KalkanGorunumu.appex */;
			productType = "com.apple.product-type.app-extension";
		};
/* End PBXNativeTarget section */

/* Begin PBXProject section */
		504EC2FC1FED79650016851F /* Project object */ = {
			isa = PBXProject;
			attributes = {
				LastSwiftUpdateCheck = 0920;
				LastUpgradeCheck = 0920;
				TargetAttributes = {
					504EC3031FED79650016851F = {
						CreatedOnToolsVersion = 9.2;
						LastSwiftMigration = 1100;
						ProvisioningStyle = Automatic;
					};
				};
			};
			buildConfigurationList = 504EC2FF1FED79650016851F /* Build configuration list for PBXProject "App" */;
			compatibilityVersion = "Xcode 8.0";
			developmentRegion = en;
			hasScannedForEncodings = 0;
			knownRegions = (
				en,
				Base,
			);
			mainGroup = 504EC2FB1FED79650016851F;
			packageReferences = (
				D4C12C0A2AAA248700AAC8A2 /* XCLocalSwiftPackageReference "CapApp-SPM" */,
			);
			productRefGroup = 504EC3051FED79650016851F /* Products */;
			projectDirPath = "";
			projectRoot = "";
			targets = (
				504EC3031FED79650016851F /* App */,
				A598666DD3096829A163425B /* OdakIzleyici */,
				BCFE0101433269DC90D7AA3D /* KalkanGorunumu */,
				781C5322E42CC368C68CD186 /* KilitSayaci */,
			);
		};
/* End PBXProject section */

/* Begin PBXResourcesBuildPhase section */
		504EC3021FED79650016851F /* Resources */ = {
			isa = PBXResourcesBuildPhase;
			buildActionMask = 2147483647;
			files = (
				504EC3121FED79650016851F /* LaunchScreen.storyboard in Resources */,
				50B271D11FEDC1A000F3C39B /* public in Resources */,
				7A1B00012F00000000000003 /* PrivacyInfo.xcprivacy in Resources */,
				504EC30F1FED79650016851F /* Assets.xcassets in Resources */,
				50379B232058CBB4000EE86E /* capacitor.config.json in Resources */,
				504EC30D1FED79650016851F /* Main.storyboard in Resources */,
				2FAD9763203C412B000D30F8 /* config.xml in Resources */,
			);
			runOnlyForDeploymentPostprocessing = 0;
		};
		5995A2852768E52AC3765F4D /* Resources */ = {
			isa = PBXResourcesBuildPhase;
			buildActionMask = 2147483647;
			files = (
			);
			runOnlyForDeploymentPostprocessing = 0;
		};
		AA1F4118446D504982F727ED /* Resources */ = {
			isa = PBXResourcesBuildPhase;
			buildActionMask = 2147483647;
			files = (
				9D568B813034E8667134A8DB /* tavsan_yuz.png in Resources */,
			);
			runOnlyForDeploymentPostprocessing = 0;
		};
		B91A9FD1808ADC9AAC928920 /* Resources */ = {
			isa = PBXResourcesBuildPhase;
			buildActionMask = 2147483647;
			files = (
				FA1E4D4011C0EA79F4FB0F38 /* tavsan_yuz.png in Resources */,
			);
			runOnlyForDeploymentPostprocessing = 0;
		};
/* End PBXResourcesBuildPhase section */

/* Begin PBXSourcesBuildPhase section */
		0068DE7254D312D40BE96025 /* Sources */ = {
			isa = PBXSourcesBuildPhase;
			buildActionMask = 2147483647;
			files = (
				070E5BD44FCF47A851D54653 /* OdakIzleyici.swift in Sources */,
			);
			runOnlyForDeploymentPostprocessing = 0;
		};
		504EC3001FED79650016851F /* Sources */ = {
			isa = PBXSourcesBuildPhase;
			buildActionMask = 2147483647;
			files = (
				504EC3081FED79650016851F /* AppDelegate.swift in Sources */,
				7A1B00012F00000000000001 /* AnaDenetleyici.swift in Sources */,
				9582B6832FE993A70072D4E8 /* SceneDelegate.swift in Sources */,
				A9455D3707E38CD54B0F9458 /* EkranSuresiEklentisi.swift in Sources */,
				6DBFA194ECA510B07601ABC4 /* CanliSayacEklentisi.swift in Sources */,
				678032D073EE534E84A04E15 /* PomodoroEtkinligi.swift in Sources */,
			);
			runOnlyForDeploymentPostprocessing = 0;
		};
		CF3078F7CCB3220BAC657A97 /* Sources */ = {
			isa = PBXSourcesBuildPhase;
			buildActionMask = 2147483647;
			files = (
				44183931447D82BC0EF87EC3 /* KalkanGorunumu.swift in Sources */,
			);
			runOnlyForDeploymentPostprocessing = 0;
		};
		DABEB04DC624C1E455BBA02F /* Sources */ = {
			isa = PBXSourcesBuildPhase;
			buildActionMask = 2147483647;
			files = (
				A14EDFBF948F4F6B4C671302 /* KilitSayaci.swift in Sources */,
				F06FF156F513F0ED40E602CD /* PomodoroEtkinligi.swift in Sources */,
			);
			runOnlyForDeploymentPostprocessing = 0;
		};
/* End PBXSourcesBuildPhase section */

/* Begin PBXTargetDependency section */
		198A564C3436BF4A1BC19381 /* PBXTargetDependency */ = {
			isa = PBXTargetDependency;
			name = OdakIzleyici;
			target = A598666DD3096829A163425B /* OdakIzleyici */;
			targetProxy = FC5F3D5D74BF587D75EE1E94 /* PBXContainerItemProxy */;
		};
		82E0BBF68F9A584D5C68BF9B /* PBXTargetDependency */ = {
			isa = PBXTargetDependency;
			name = KalkanGorunumu;
			target = BCFE0101433269DC90D7AA3D /* KalkanGorunumu */;
			targetProxy = 475FCEC86B5AC285540FA80B /* PBXContainerItemProxy */;
		};
		A902153D9091F33F46213F1B /* PBXTargetDependency */ = {
			isa = PBXTargetDependency;
			name = KilitSayaci;
			target = 781C5322E42CC368C68CD186 /* KilitSayaci */;
			targetProxy = C647DBDFC8976607E0DC49AA /* PBXContainerItemProxy */;
		};
/* End PBXTargetDependency section */

/* Begin PBXVariantGroup section */
		504EC30B1FED79650016851F /* Main.storyboard */ = {
			isa = PBXVariantGroup;
			children = (
				504EC30C1FED79650016851F /* Base */,
			);
			name = Main.storyboard;
			sourceTree = "<group>";
		};
		504EC3101FED79650016851F /* LaunchScreen.storyboard */ = {
			isa = PBXVariantGroup;
			children = (
				504EC3111FED79650016851F /* Base */,
			);
			name = LaunchScreen.storyboard;
			sourceTree = "<group>";
		};
/* End PBXVariantGroup section */

/* Begin XCBuildConfiguration section */
		0590EF88B9CA6B5CFBE4A5A7 /* Debug */ = {
			isa = XCBuildConfiguration;
			buildSettings = {
				CLANG_ENABLE_OBJC_WEAK = NO;
				CODE_SIGN_ENTITLEMENTS = KalkanGorunumu/KalkanGorunumu.entitlements;
				CODE_SIGN_STYLE = Automatic;
				CURRENT_PROJECT_VERSION = 1;
				GENERATE_INFOPLIST_FILE = NO;
				INFOPLIST_FILE = KalkanGorunumu/Info.plist;
				IPHONEOS_DEPLOYMENT_TARGET = 16.0;
				LD_RUNPATH_SEARCH_PATHS = (
					"$(inherited)",
					"@executable_path/Frameworks",
					"@executable_path/../../Frameworks",
				);
				MARKETING_VERSION = 0.9.0;
				PRODUCT_BUNDLE_IDENTIFIER = com.fluxifyinteractive.rabi.KalkanGorunumu;
				PRODUCT_NAME = "$(TARGET_NAME)";
				SDKROOT = iphoneos;
				SKIP_INSTALL = YES;
				SWIFT_VERSION = 5.0;
				TARGETED_DEVICE_FAMILY = 1;
			};
			name = Debug;
		};
		0D65907D4DC97A09D0882332 /* Release */ = {
			isa = XCBuildConfiguration;
			buildSettings = {
				CLANG_ENABLE_OBJC_WEAK = NO;
				CODE_SIGN_ENTITLEMENTS = KalkanGorunumu/KalkanGorunumu.entitlements;
				CODE_SIGN_STYLE = Automatic;
				CURRENT_PROJECT_VERSION = 1;
				GENERATE_INFOPLIST_FILE = NO;
				INFOPLIST_FILE = KalkanGorunumu/Info.plist;
				IPHONEOS_DEPLOYMENT_TARGET = 16.0;
				LD_RUNPATH_SEARCH_PATHS = (
					"$(inherited)",
					"@executable_path/Frameworks",
					"@executable_path/../../Frameworks",
				);
				MARKETING_VERSION = 0.9.0;
				PRODUCT_BUNDLE_IDENTIFIER = com.fluxifyinteractive.rabi.KalkanGorunumu;
				PRODUCT_NAME = "$(TARGET_NAME)";
				SDKROOT = iphoneos;
				SKIP_INSTALL = YES;
				SWIFT_VERSION = 5.0;
				TARGETED_DEVICE_FAMILY = 1;
				VALIDATE_PRODUCT = YES;
			};
			name = Release;
		};
		34277E47042451D18568BBDA /* Release */ = {
			isa = XCBuildConfiguration;
			buildSettings = {
				CLANG_ENABLE_OBJC_WEAK = NO;
				CODE_SIGN_ENTITLEMENTS = KilitSayaci/KilitSayaci.entitlements;
				CODE_SIGN_STYLE = Automatic;
				CURRENT_PROJECT_VERSION = 1;
				GENERATE_INFOPLIST_FILE = NO;
				INFOPLIST_FILE = KilitSayaci/Info.plist;
				IPHONEOS_DEPLOYMENT_TARGET = 16.2;
				LD_RUNPATH_SEARCH_PATHS = (
					"$(inherited)",
					"@executable_path/Frameworks",
					"@executable_path/../../Frameworks",
				);
				MARKETING_VERSION = 0.9.0;
				PRODUCT_BUNDLE_IDENTIFIER = com.fluxifyinteractive.rabi.KilitSayaci;
				PRODUCT_NAME = "$(TARGET_NAME)";
				SDKROOT = iphoneos;
				SKIP_INSTALL = YES;
				SWIFT_VERSION = 5.0;
				TARGETED_DEVICE_FAMILY = 1;
				VALIDATE_PRODUCT = YES;
			};
			name = Release;
		};
		504EC3141FED79650016851F /* Debug */ = {
			isa = XCBuildConfiguration;
			baseConfigurationReference = 958DCC722DB07C7200EA8C5F /* debug.xcconfig */;
			buildSettings = {
				ALWAYS_SEARCH_USER_PATHS = NO;
				CLANG_ANALYZER_NONNULL = YES;
				CLANG_ANALYZER_NUMBER_OBJECT_CONVERSION = YES_AGGRESSIVE;
				CLANG_CXX_LANGUAGE_STANDARD = "gnu++14";
				CLANG_CXX_LIBRARY = "libc++";
				CLANG_ENABLE_MODULES = YES;
				CLANG_ENABLE_OBJC_ARC = YES;
				CLANG_WARN_BLOCK_CAPTURE_AUTORELEASING = YES;
				CLANG_WARN_BOOL_CONVERSION = YES;
				CLANG_WARN_COMMA = YES;
				CLANG_WARN_CONSTANT_CONVERSION = YES;
				CLANG_WARN_DIRECT_OBJC_ISA_USAGE = YES_ERROR;
				CLANG_WARN_DOCUMENTATION_COMMENTS = YES;
				CLANG_WARN_EMPTY_BODY = YES;
				CLANG_WARN_ENUM_CONVERSION = YES;
				CLANG_WARN_INFINITE_RECURSION = YES;
				CLANG_WARN_INT_CONVERSION = YES;
				CLANG_WARN_NON_LITERAL_NULL_CONVERSION = YES;
				CLANG_WARN_OBJC_LITERAL_CONVERSION = YES;
				CLANG_WARN_OBJC_ROOT_CLASS = YES_ERROR;
				CLANG_WARN_RANGE_LOOP_ANALYSIS = YES;
				CLANG_WARN_STRICT_PROTOTYPES = YES;
				CLANG_WARN_SUSPICIOUS_MOVE = YES;
				CLANG_WARN_UNGUARDED_AVAILABILITY = YES_AGGRESSIVE;
				CLANG_WARN_UNREACHABLE_CODE = YES;
				CLANG_WARN__DUPLICATE_METHOD_MATCH = YES;
				CODE_SIGN_IDENTITY = "iPhone Developer";
				COPY_PHASE_STRIP = NO;
				DEBUG_INFORMATION_FORMAT = dwarf;
				ENABLE_STRICT_OBJC_MSGSEND = YES;
				ENABLE_TESTABILITY = YES;
				GCC_C_LANGUAGE_STANDARD = gnu11;
				GCC_DYNAMIC_NO_PIC = NO;
				GCC_NO_COMMON_BLOCKS = YES;
				GCC_OPTIMIZATION_LEVEL = 0;
				GCC_PREPROCESSOR_DEFINITIONS = (
					"DEBUG=1",
					"$(inherited)",
				);
				GCC_WARN_64_TO_32_BIT_CONVERSION = YES;
				GCC_WARN_ABOUT_RETURN_TYPE = YES_ERROR;
				GCC_WARN_UNDECLARED_SELECTOR = YES;
				GCC_WARN_UNINITIALIZED_AUTOS = YES_AGGRESSIVE;
				GCC_WARN_UNUSED_FUNCTION = YES;
				GCC_WARN_UNUSED_VARIABLE = YES;
				IPHONEOS_DEPLOYMENT_TARGET = 15.0;
				MTL_ENABLE_DEBUG_INFO = YES;
				ONLY_ACTIVE_ARCH = YES;
				SDKROOT = iphoneos;
				SWIFT_ACTIVE_COMPILATION_CONDITIONS = DEBUG;
				SWIFT_OPTIMIZATION_LEVEL = "-Onone";
			};
			name = Debug;
		};
		504EC3151FED79650016851F /* Release */ = {
			isa = XCBuildConfiguration;
			buildSettings = {
				ALWAYS_SEARCH_USER_PATHS = NO;
				CLANG_ANALYZER_NONNULL = YES;
				CLANG_ANALYZER_NUMBER_OBJECT_CONVERSION = YES_AGGRESSIVE;
				CLANG_CXX_LANGUAGE_STANDARD = "gnu++14";
				CLANG_CXX_LIBRARY = "libc++";
				CLANG_ENABLE_MODULES = YES;
				CLANG_ENABLE_OBJC_ARC = YES;
				CLANG_WARN_BLOCK_CAPTURE_AUTORELEASING = YES;
				CLANG_WARN_BOOL_CONVERSION = YES;
				CLANG_WARN_COMMA = YES;
				CLANG_WARN_CONSTANT_CONVERSION = YES;
				CLANG_WARN_DIRECT_OBJC_ISA_USAGE = YES_ERROR;
				CLANG_WARN_DOCUMENTATION_COMMENTS = YES;
				CLANG_WARN_EMPTY_BODY = YES;
				CLANG_WARN_ENUM_CONVERSION = YES;
				CLANG_WARN_INFINITE_RECURSION = YES;
				CLANG_WARN_INT_CONVERSION = YES;
				CLANG_WARN_NON_LITERAL_NULL_CONVERSION = YES;
				CLANG_WARN_OBJC_LITERAL_CONVERSION = YES;
				CLANG_WARN_OBJC_ROOT_CLASS = YES_ERROR;
				CLANG_WARN_RANGE_LOOP_ANALYSIS = YES;
				CLANG_WARN_STRICT_PROTOTYPES = YES;
				CLANG_WARN_SUSPICIOUS_MOVE = YES;
				CLANG_WARN_UNGUARDED_AVAILABILITY = YES_AGGRESSIVE;
				CLANG_WARN_UNREACHABLE_CODE = YES;
				CLANG_WARN__DUPLICATE_METHOD_MATCH = YES;
				CODE_SIGN_IDENTITY = "iPhone Developer";
				COPY_PHASE_STRIP = NO;
				DEBUG_INFORMATION_FORMAT = "dwarf-with-dsym";
				ENABLE_NS_ASSERTIONS = NO;
				ENABLE_STRICT_OBJC_MSGSEND = YES;
				GCC_C_LANGUAGE_STANDARD = gnu11;
				GCC_NO_COMMON_BLOCKS = YES;
				GCC_WARN_64_TO_32_BIT_CONVERSION = YES;
				GCC_WARN_ABOUT_RETURN_TYPE = YES_ERROR;
				GCC_WARN_UNDECLARED_SELECTOR = YES;
				GCC_WARN_UNINITIALIZED_AUTOS = YES_AGGRESSIVE;
				GCC_WARN_UNUSED_FUNCTION = YES;
				GCC_WARN_UNUSED_VARIABLE = YES;
				IPHONEOS_DEPLOYMENT_TARGET = 15.0;
				MTL_ENABLE_DEBUG_INFO = NO;
				SDKROOT = iphoneos;
				SWIFT_COMPILATION_MODE = wholemodule;
				SWIFT_OPTIMIZATION_LEVEL = "-O";
				VALIDATE_PRODUCT = YES;
			};
			name = Release;
		};
		504EC3171FED79650016851F /* Debug */ = {
			isa = XCBuildConfiguration;
			baseConfigurationReference = 958DCC722DB07C7200EA8C5F /* debug.xcconfig */;
			buildSettings = {
				ASSETCATALOG_COMPILER_APPICON_NAME = AppIcon;
				CODE_SIGN_ENTITLEMENTS = App/App.entitlements;
				CODE_SIGN_STYLE = Automatic;
				CURRENT_PROJECT_VERSION = 1;
				INFOPLIST_FILE = App/Info.plist;
				IPHONEOS_DEPLOYMENT_TARGET = 15.0;
				LD_RUNPATH_SEARCH_PATHS = (
					"$(inherited)",
					"@executable_path/Frameworks",
				);
				MARKETING_VERSION = 0.9.0;
				OTHER_SWIFT_FLAGS = "$(inherited) \"-D\" \"COCOAPODS\" \"-DDEBUG\"";
				PRODUCT_BUNDLE_IDENTIFIER = com.fluxifyinteractive.rabi;
				PRODUCT_NAME = "$(TARGET_NAME)";
				SWIFT_ACTIVE_COMPILATION_CONDITIONS = DEBUG;
				SWIFT_VERSION = 5.0;
				TARGETED_DEVICE_FAMILY = "1,2";
			};
			name = Debug;
		};
		504EC3181FED79650016851F /* Release */ = {
			isa = XCBuildConfiguration;
			buildSettings = {
				ASSETCATALOG_COMPILER_APPICON_NAME = AppIcon;
				CODE_SIGN_ENTITLEMENTS = App/App.entitlements;
				CODE_SIGN_STYLE = Automatic;
				CURRENT_PROJECT_VERSION = 1;
				INFOPLIST_FILE = App/Info.plist;
				IPHONEOS_DEPLOYMENT_TARGET = 15.0;
				LD_RUNPATH_SEARCH_PATHS = (
					"$(inherited)",
					"@executable_path/Frameworks",
				);
				MARKETING_VERSION = 0.9.0;
				PRODUCT_BUNDLE_IDENTIFIER = com.fluxifyinteractive.rabi;
				PRODUCT_NAME = "$(TARGET_NAME)";
				SWIFT_ACTIVE_COMPILATION_CONDITIONS = "";
				SWIFT_VERSION = 5.0;
				TARGETED_DEVICE_FAMILY = "1,2";
			};
			name = Release;
		};
		7884C1CA3F92ED56179CE44E /* Release */ = {
			isa = XCBuildConfiguration;
			buildSettings = {
				CLANG_ENABLE_OBJC_WEAK = NO;
				CODE_SIGN_ENTITLEMENTS = OdakIzleyici/OdakIzleyici.entitlements;
				CODE_SIGN_STYLE = Automatic;
				CURRENT_PROJECT_VERSION = 1;
				GENERATE_INFOPLIST_FILE = NO;
				INFOPLIST_FILE = OdakIzleyici/Info.plist;
				IPHONEOS_DEPLOYMENT_TARGET = 16.0;
				LD_RUNPATH_SEARCH_PATHS = (
					"$(inherited)",
					"@executable_path/Frameworks",
					"@executable_path/../../Frameworks",
				);
				MARKETING_VERSION = 0.9.0;
				PRODUCT_BUNDLE_IDENTIFIER = com.fluxifyinteractive.rabi.OdakIzleyici;
				PRODUCT_NAME = "$(TARGET_NAME)";
				SDKROOT = iphoneos;
				SKIP_INSTALL = YES;
				SWIFT_VERSION = 5.0;
				TARGETED_DEVICE_FAMILY = 1;
				VALIDATE_PRODUCT = YES;
			};
			name = Release;
		};
		B1F5B95E4A9CE4A0D81F0F62 /* Debug */ = {
			isa = XCBuildConfiguration;
			buildSettings = {
				CLANG_ENABLE_OBJC_WEAK = NO;
				CODE_SIGN_ENTITLEMENTS = OdakIzleyici/OdakIzleyici.entitlements;
				CODE_SIGN_STYLE = Automatic;
				CURRENT_PROJECT_VERSION = 1;
				GENERATE_INFOPLIST_FILE = NO;
				INFOPLIST_FILE = OdakIzleyici/Info.plist;
				IPHONEOS_DEPLOYMENT_TARGET = 16.0;
				LD_RUNPATH_SEARCH_PATHS = (
					"$(inherited)",
					"@executable_path/Frameworks",
					"@executable_path/../../Frameworks",
				);
				MARKETING_VERSION = 0.9.0;
				PRODUCT_BUNDLE_IDENTIFIER = com.fluxifyinteractive.rabi.OdakIzleyici;
				PRODUCT_NAME = "$(TARGET_NAME)";
				SDKROOT = iphoneos;
				SKIP_INSTALL = YES;
				SWIFT_VERSION = 5.0;
				TARGETED_DEVICE_FAMILY = 1;
			};
			name = Debug;
		};
		CE5093798157B4FF4A84AE4C /* Debug */ = {
			isa = XCBuildConfiguration;
			buildSettings = {
				CLANG_ENABLE_OBJC_WEAK = NO;
				CODE_SIGN_ENTITLEMENTS = KilitSayaci/KilitSayaci.entitlements;
				CODE_SIGN_STYLE = Automatic;
				CURRENT_PROJECT_VERSION = 1;
				GENERATE_INFOPLIST_FILE = NO;
				INFOPLIST_FILE = KilitSayaci/Info.plist;
				IPHONEOS_DEPLOYMENT_TARGET = 16.2;
				LD_RUNPATH_SEARCH_PATHS = (
					"$(inherited)",
					"@executable_path/Frameworks",
					"@executable_path/../../Frameworks",
				);
				MARKETING_VERSION = 0.9.0;
				PRODUCT_BUNDLE_IDENTIFIER = com.fluxifyinteractive.rabi.KilitSayaci;
				PRODUCT_NAME = "$(TARGET_NAME)";
				SDKROOT = iphoneos;
				SKIP_INSTALL = YES;
				SWIFT_VERSION = 5.0;
				TARGETED_DEVICE_FAMILY = 1;
			};
			name = Debug;
		};
/* End XCBuildConfiguration section */

/* Begin XCConfigurationList section */
		504EC2FF1FED79650016851F /* Build configuration list for PBXProject "App" */ = {
			isa = XCConfigurationList;
			buildConfigurations = (
				504EC3141FED79650016851F /* Debug */,
				504EC3151FED79650016851F /* Release */,
			);
			defaultConfigurationIsVisible = 0;
			defaultConfigurationName = Release;
		};
		504EC3161FED79650016851F /* Build configuration list for PBXNativeTarget "App" */ = {
			isa = XCConfigurationList;
			buildConfigurations = (
				504EC3171FED79650016851F /* Debug */,
				504EC3181FED79650016851F /* Release */,
			);
			defaultConfigurationIsVisible = 0;
			defaultConfigurationName = Release;
		};
		5E630FB83A38594163C1EDE0 /* Build configuration list for PBXNativeTarget "KalkanGorunumu" */ = {
			isa = XCConfigurationList;
			buildConfigurations = (
				0D65907D4DC97A09D0882332 /* Release */,
				0590EF88B9CA6B5CFBE4A5A7 /* Debug */,
			);
			defaultConfigurationIsVisible = 0;
			defaultConfigurationName = Release;
		};
		D94F41E5EEC56C7363A17581 /* Build configuration list for PBXNativeTarget "OdakIzleyici" */ = {
			isa = XCConfigurationList;
			buildConfigurations = (
				7884C1CA3F92ED56179CE44E /* Release */,
				B1F5B95E4A9CE4A0D81F0F62 /* Debug */,
			);
			defaultConfigurationIsVisible = 0;
			defaultConfigurationName = Release;
		};
		D9F441AE5F63D17D5B122F44 /* Build configuration list for PBXNativeTarget "KilitSayaci" */ = {
			isa = XCConfigurationList;
			buildConfigurations = (
				34277E47042451D18568BBDA /* Release */,
				CE5093798157B4FF4A84AE4C /* Debug */,
			);
			defaultConfigurationIsVisible = 0;
			defaultConfigurationName = Release;
		};
/* End XCConfigurationList section */

/* Begin XCLocalSwiftPackageReference section */
		D4C12C0A2AAA248700AAC8A2 /* XCLocalSwiftPackageReference "CapApp-SPM" */ = {
			isa = XCLocalSwiftPackageReference;
			relativePath = "CapApp-SPM";
		};
/* End XCLocalSwiftPackageReference section */

/* Begin XCSwiftPackageProductDependency section */
		4D22ABE82AF431CB00220026 /* CapApp-SPM */ = {
			isa = XCSwiftPackageProductDependency;
			package = D4C12C0A2AAA248700AAC8A2 /* XCLocalSwiftPackageReference "CapApp-SPM" */;
			productName = "CapApp-SPM";
		};
/* End XCSwiftPackageProductDependency section */
	};
	rootObject = 504EC2FC1FED79650016851F /* Project object */;
}
